
Microsoft Visual Studio Solution File, Format Version 12.00
# Visual Studio 14
VisualStudioVersion = 14.0.25420.1
MinimumVisualStudioVersion = 10.0.40219.1
Project("{FAE04EC0-301F-11D3-BF4B-00C04F79EFBC}") = "IEL", "IEL\IEL.csproj", "{89F6AC6C-6D29-4FB7-AA9B-6E982E9C53C3}"
EndProject
Project("{FAE04EC0-301F-11D3-BF4B-00C04F79EFBC}") = "Datos", "Datos\Datos.csproj", "{166525DD-1E0F-47D9-87E7-A85F0D1AEF28}"
EndProject
Global
	GlobalSection(SolutionConfigurationPlatforms) = preSolution
		Debug|Any CPU = Debug|Any CPU
		Release|Any CPU = Release|Any CPU
	EndGlobalSection
	GlobalSection(ProjectConfigurationPlatforms) = postSolution
		{89F6AC6C-6D29-4FB7-AA9B-6E982E9C53C3}.Debug|Any CPU.ActiveCfg = Debug|Any CPU
		{89F6AC6C-6D29-4FB7-AA9B-6E982E9C53C3}.Debug|Any CPU.Build.0 = Debug|Any CPU
		{89F6AC6C-6D29-4FB7-AA9B-6E982E9C53C3}.Release|Any CPU.ActiveCfg = Release|Any CPU
		{89F6AC6C-6D29-4FB7-AA9B-6E982E9C53C3}.Release|Any CPU.Build.0 = Release|Any CPU
		{166525DD-1E0F-47D9-87E7-A85F0D1AEF28}.Debug|Any CPU.ActiveCfg = Debug|Any CPU
		{166525DD-1E0F-47D9-87E7-A85F0D1AEF28}.Debug|Any CPU.Build.0 = Debug|Any CPU
		{166525DD-1E0F-47D9-87E7-A85F0D1AEF28}.Release|Any CPU.ActiveCfg = Release|Any CPU
		{166525DD-1E0F-47D9-87E7-A85F0D1AEF28}.Release|Any CPU.Build.0 = Release|Any CPU
	EndGlobalSection
	GlobalSection(SolutionProperties) = preSolution
		HideSolutionNode = FALSE
	EndGlobalSection
EndGlobal
